
Microsoft Visual Studio Solution File, Format Version 12.00
# Visual Studio 2015
Project("{FAE04EC0-301F-11D3-BF4B-00C04F79EFBC}") = "VRcar_gun", "VRcar_gun.csproj", "{DA36F77E-F89E-B572-14C4-B7397B3A7457}"
EndProject
Global
	GlobalSection(SolutionConfigurationPlatforms) = preSolution
		Debug|Any CPU = Debug|Any CPU
		Release|Any CPU = Release|Any CPU
	EndGlobalSection
	GlobalSection(ProjectConfigurationPlatforms) = postSolution
		{DA36F77E-F89E-B572-14C4-B7397B3A7457}.Debug|Any CPU.ActiveCfg = Debug|Any CPU
		{DA36F77E-F89E-B572-14C4-B7397B3A7457}.Debug|Any CPU.Build.0 = Debug|Any CPU
		{DA36F77E-F89E-B572-14C4-B7397B3A7457}.Release|Any CPU.ActiveCfg = Release|Any CPU
		{DA36F77E-F89E-B572-14C4-B7397B3A7457}.Release|Any CPU.Build.0 = Release|Any CPU
	EndGlobalSection
	GlobalSection(SolutionProperties) = preSolution
		HideSolutionNode = FALSE
	EndGlobalSection
EndGlobal
